// !$*UTF8*$!
{
	archiveVersion = 1;
	classes = {
	};
	objectVersion = 50;
	objects = {

/* Begin PBXBuildFile section */
		AC401C8F20AEE2B200D03B8B /* AppDelegate.swift in Sources */ = {isa = PBXBuildFile; fileRef = AC401C8E20AEE2B200D03B8B /* AppDelegate.swift */; };
		AC401C9420AEE2B200D03B8B /* Main.storyboard in Resources */ = {isa = PBXBuildFile; fileRef = AC401C9220AEE2B200D03B8B /* Main.storyboard */; };
		AC401C9620AEE2B400D03B8B /* Assets.xcassets in Resources */ = {isa = PBXBuildFile; fileRef = AC401C9520AEE2B400D03B8B /* Assets.xcassets */; };
		AC401C9920AEE2B400D03B8B /* LaunchScreen.storyboard in Resources */ = {isa = PBXBuildFile; fileRef = AC401C9720AEE2B400D03B8B /* LaunchScreen.storyboard */; };
		AC401CA420AEE2B400D03B8B /* SparkDemoAppTests.swift in Sources */ = {isa = PBXBuildFile; fileRef = AC401CA320AEE2B400D03B8B /* SparkDemoAppTests.swift */; };
		AC401CAF20AEE2B400D03B8B /* SparkDemoAppUITests.swift in Sources */ = {isa = PBXBuildFile; fileRef = AC401CAE20AEE2B400D03B8B /* SparkDemoAppUITests.swift */; };
		AC401CBD20AEEA4600D03B8B /* LoginViewController.swift in Sources */ = {isa = PBXBuildFile; fileRef = AC401CBC20AEEA4600D03B8B /* LoginViewController.swift */; };
		CB936C53F0D6BAD6D74E4344 /* Pods_SparkDemoApp.framework in Frameworks */ = {isa = PBXBuildFile; fileRef = 518042E03E4F66999021600D /* Pods_SparkDemoApp.framework */; };
/* End PBXBuildFile section */

/* Begin PBXContainerItemProxy section */
		AC401CA020AEE2B400D03B8B /* PBXContainerItemProxy */ = {
			isa = PBXContainerItemProxy;
			containerPortal = AC401C8320AEE2B200D03B8B /* Project object */;
			proxyType = 1;
			remoteGlobalIDString = AC401C8A20AEE2B200D03B8B;
			remoteInfo = SparkDemoApp;
		};
		AC401CAB20AEE2B400D03B8B /* PBXContainerItemProxy */ = {
			isa = PBXContainerItemProxy;
			containerPortal = AC401C8320AEE2B200D03B8B /* Project object */;
			proxyType = 1;
			remoteGlobalIDString = AC401C8A20AEE2B200D03B8B;
			remoteInfo = SparkDemoApp;
		};
/* End PBXContainerItemProxy section */

/* Begin PBXFileReference section */
		459846A64390F08320C63300 /* Pods-SparkDemoApp.release.xcconfig */ = {isa = PBXFileReference; includeInIndex = 1; lastKnownFileType = text.xcconfig; name = "Pods-SparkDemoApp.release.xcconfig"; path = "Pods/Target Support Files/Pods-SparkDemoApp/Pods-SparkDemoApp.release.xcconfig"; sourceTree = "<group>"; };
		518042E03E4F66999021600D /* Pods_SparkDemoApp.framework */ = {isa = PBXFileReference; explicitFileType = wrapper.framework; includeInIndex = 0; path = Pods_SparkDemoApp.framework; sourceTree = BUILT_PRODUCTS_DIR; };
		AC401C8B20AEE2B200D03B8B /* SparkDemoApp.app */ = {isa = PBXFileReference; explicitFileType = wrapper.application; includeInIndex = 0; path = SparkDemoApp.app; sourceTree = BUILT_PRODUCTS_DIR; };
		AC401C8E20AEE2B200D03B8B /* AppDelegate.swift */ = {isa = PBXFileReference; lastKnownFileType = sourcecode.swift; path = AppDelegate.swift; sourceTree = "<group>"; };
		AC401C9320AEE2B200D03B8B /* Base */ = {isa = PBXFileReference; lastKnownFileType = file.storyboard; name = Base; path = Base.lproj/Main.storyboard; sourceTree = "<group>"; };
		AC401C9520AEE2B400D03B8B /* Assets.xcassets */ = {isa = PBXFileReference; lastKnownFileType = folder.assetcatalog; path = Assets.xcassets; sourceTree = "<group>"; };
		AC401C9820AEE2B400D03B8B /* Base */ = {isa = PBXFileReference; lastKnownFileType = file.storyboard; name = Base; path = Base.lproj/LaunchScreen.storyboard; sourceTree = "<group>"; };
		AC401C9A20AEE2B400D03B8B /* Info.plist */ = {isa = PBXFileReference; lastKnownFileType = text.plist.xml; path = Info.plist; sourceTree = "<group>"; };
		AC401C9F20AEE2B400D03B8B /* SparkDemoAppTests.xctest */ = {isa = PBXFileReference; explicitFileType = wrapper.cfbundle; includeInIndex = 0; path = SparkDemoAppTests.xctest; sourceTree = BUILT_PRODUCTS_DIR; };
		AC401CA320AEE2B400D03B8B /* SparkDemoAppTests.swift */ = {isa = PBXFileReference; lastKnownFileType = sourcecode.swift; path = SparkDemoAppTests.swift; sourceTree = "<group>"; };
		AC401CA520AEE2B400D03B8B /* Info.plist */ = {isa = PBXFileReference; lastKnownFileType = text.plist.xml; path = Info.plist; sourceTree = "<group>"; };
		AC401CAA20AEE2B400D03B8B /* SparkDemoAppUITests.xctest */ = {isa = PBXFileReference; explicitFileType = wrapper.cfbundle; includeInIndex = 0; path = SparkDemoAppUITests.xctest; sourceTree = BUILT_PRODUCTS_DIR; };
		AC401CAE20AEE2B400D03B8B /* SparkDemoAppUITests.swift */ = {isa = PBXFileReference; lastKnownFileType = sourcecode.swift; path = SparkDemoAppUITests.swift; sourceTree = "<group>"; };
		AC401CB020AEE2B400D03B8B /* Info.plist */ = {isa = PBXFileReference; lastKnownFileType = text.plist.xml; path = Info.plist; sourceTree = "<group>"; };
		AC401CBC20AEEA4600D03B8B /* LoginViewController.swift */ = {isa = PBXFileReference; lastKnownFileType = sourcecode.swift; path = LoginViewController.swift; sourceTree = "<group>"; };
		BA0564B2703DB94E6C4520AB /* Pods-SparkDemoApp.debug.xcconfig */ = {isa = PBXFileReference; includeInIndex = 1; lastKnownFileType = text.xcconfig; name = "Pods-SparkDemoApp.debug.xcconfig"; path = "Pods/Target Support Files/Pods-SparkDemoApp/Pods-SparkDemoApp.debug.xcconfig"; sourceTree = "<group>"; };
/* End PBXFileReference section */

/* Begin PBXFrameworksBuildPhase section */
		AC401C8820AEE2B200D03B8B /* Frameworks */ = {
			isa = PBXFrameworksBuildPhase;
			buildActionMask = 2147483647;
			files = (
				CB936C53F0D6BAD6D74E4344 /* Pods_SparkDemoApp.framework in Frameworks */,
			);
			runOnlyForDeploymentPostprocessing = 0;
		};
		AC401C9C20AEE2B400D03B8B /* Frameworks */ = {
			isa = PBXFrameworksBuildPhase;
			buildActionMask = 2147483647;
			files = (
			);
			runOnlyForDeploymentPostprocessing = 0;
		};
		AC401CA720AEE2B400D03B8B /* Frameworks */ = {
			isa = PBXFrameworksBuildPhase;
			buildActionMask = 2147483647;
			files = (
			);
			runOnlyForDeploymentPostprocessing = 0;
		};
/* End PBXFrameworksBuildPhase section */

/* Begin PBXGroup section */
		17659824E19D2ADDDAD571EE /* Pods */ = {
			isa = PBXGroup;
			children = (
				BA0564B2703DB94E6C4520AB /* Pods-SparkDemoApp.debug.xcconfig */,
				459846A64390F08320C63300 /* Pods-SparkDemoApp.release.xcconfig */,
			);
			name = Pods;
			sourceTree = "<group>";
		};
		8191A76415DEC6C5CD5C8D7C /* Frameworks */ = {
			isa = PBXGroup;
			children = (
				518042E03E4F66999021600D /* Pods_SparkDemoApp.framework */,
			);
			name = Frameworks;
			sourceTree = "<group>";
		};
		AC401C8220AEE2B200D03B8B = {
			isa = PBXGroup;
			children = (
				AC401C8D20AEE2B200D03B8B /* SparkDemoApp */,
				AC401CA220AEE2B400D03B8B /* SparkDemoAppTests */,
				AC401CAD20AEE2B400D03B8B /* SparkDemoAppUITests */,
				AC401C8C20AEE2B200D03B8B /* Products */,
				17659824E19D2ADDDAD571EE /* Pods */,
				8191A76415DEC6C5CD5C8D7C /* Frameworks */,
			);
			sourceTree = "<group>";
		};
		AC401C8C20AEE2B200D03B8B /* Products */ = {
			isa = PBXGroup;
			children = (
				AC401C8B20AEE2B200D03B8B /* SparkDemoApp.app */,
				AC401C9F20AEE2B400D03B8B /* SparkDemoAppTests.xctest */,
				AC401CAA20AEE2B400D03B8B /* SparkDemoAppUITests.xctest */,
			);
			name = Products;
			sourceTree = "<group>";
		};
		AC401C8D20AEE2B200D03B8B /* SparkDemoApp */ = {
			isa = PBXGroup;
			children = (
				AC401C8E20AEE2B200D03B8B /* AppDelegate.swift */,
				AC401C9220AEE2B200D03B8B /* Main.storyboard */,
				AC401C9520AEE2B400D03B8B /* Assets.xcassets */,
				AC401C9720AEE2B400D03B8B /* LaunchScreen.storyboard */,
				AC401C9A20AEE2B400D03B8B /* Info.plist */,
				AC401CBC20AEEA4600D03B8B /* LoginViewController.swift */,
			);
			path = SparkDemoApp;
			sourceTree = "<group>";
		};
		AC401CA220AEE2B400D03B8B /* SparkDemoAppTests */ = {
			isa = PBXGroup;
			children = (
				AC401CA320AEE2B400D03B8B /* SparkDemoAppTests.swift */,
				AC401CA520AEE2B400D03B8B /* Info.plist */,
			);
			path = SparkDemoAppTests;
			sourceTree = "<group>";
		};
		AC401CAD20AEE2B400D03B8B /* SparkDemoAppUITests */ = {
			isa = PBXGroup;
			children = (
				AC401CAE20AEE2B400D03B8B /* SparkDemoAppUITests.swift */,
				AC401CB020AEE2B400D03B8B /* Info.plist */,
			);
			path = SparkDemoAppUITests;
			sourceTree = "<group>";
		};
/* End PBXGroup section */

/* Begin PBXNativeTarget section */
		AC401C8A20AEE2B200D03B8B /* SparkDemoApp */ = {
			isa = PBXNativeTarget;
			buildConfigurationList = AC401CB320AEE2B400D03B8B /* Build configuration list for PBXNativeTarget "SparkDemoApp" */;
			buildPhases = (
				AE728EADA575A187566772B7 /* [CP] Check Pods Manifest.lock */,
				AC401C8720AEE2B200D03B8B /* Sources */,
				AC401C8820AEE2B200D03B8B /* Frameworks */,
				AC401C8920AEE2B200D03B8B /* Resources */,
				D01CD8DC3427FAA68292E5F3 /* [CP] Embed Pods Frameworks */,
			);
			buildRules = (
			);
			dependencies = (
			);
			name = SparkDemoApp;
			productName = SparkDemoApp;
			productReference = AC401C8B20AEE2B200D03B8B /* SparkDemoApp.app */;
			productType = "com.apple.product-type.application";
		};
		AC401C9E20AEE2B400D03B8B /* SparkDemoAppTests */ = {
			isa = PBXNativeTarget;
			buildConfigurationList = AC401CB620AEE2B400D03B8B /* Build configuration list for PBXNativeTarget "SparkDemoAppTests" */;
			buildPhases = (
				AC401C9B20AEE2B400D03B8B /* Sources */,
				AC401C9C20AEE2B400D03B8B /* Frameworks */,
				AC401C9D20AEE2B400D03B8B /* Resources */,
			);
			buildRules = (
			);
			dependencies = (
				AC401CA120AEE2B400D03B8B /* PBXTargetDependency */,
			);
			name = SparkDemoAppTests;
			productName = SparkDemoAppTests;
			productReference = AC401C9F20AEE2B400D03B8B /* SparkDemoAppTests.xctest */;
			productType = "com.apple.product-type.bundle.unit-test";
		};
		AC401CA920AEE2B400D03B8B /* SparkDemoAppUITests */ = {
			isa = PBXNativeTarget;
			buildConfigurationList = AC401CB920AEE2B400D03B8B /* Build configuration list for PBXNativeTarget "SparkDemoAppUITests" */;
			buildPhases = (
				AC401CA620AEE2B400D03B8B /* Sources */,
				AC401CA720AEE2B400D03B8B /* Frameworks */,
				AC401CA820AEE2B400D03B8B /* Resources */,
			);
			buildRules = (
			);
			dependencies = (
				AC401CAC20AEE2B400D03B8B /* PBXTargetDependency */,
			);
			name = SparkDemoAppUITests;
			productName = SparkDemoAppUITests;
			productReference = AC401CAA20AEE2B400D03B8B /* SparkDemoAppUITests.xctest */;
			productType = "com.apple.product-type.bundle.ui-testing";
		};
/* End PBXNativeTarget section */

/* Begin PBXProject section */
		AC401C8320AEE2B200D03B8B /* Project object */ = {
			isa = PBXProject;
			attributes = {
				LastSwiftUpdateCheck = 0930;
				LastUpgradeCheck = 0930;
				ORGANIZATIONNAME = com.example;
				TargetAttributes = {
					AC401C8A20AEE2B200D03B8B = {
						CreatedOnToolsVersion = 9.3;
					};
					AC401C9E20AEE2B400D03B8B = {
						CreatedOnToolsVersion = 9.3;
						TestTargetID = AC401C8A20AEE2B200D03B8B;
					};
					AC401CA920AEE2B400D03B8B = {
						CreatedOnToolsVersion = 9.3;
						TestTargetID = AC401C8A20AEE2B200D03B8B;
					};
				};
			};
			buildConfigurationList = AC401C8620AEE2B200D03B8B /* Build configuration list for PBXProject "SparkDemoApp" */;
			compatibilityVersion = "Xcode 9.3";
			developmentRegion = en;
			hasScannedForEncodings = 0;
			knownRegions = (
				en,
				Base,
			);
			mainGroup = AC401C8220AEE2B200D03B8B;
			productRefGroup = AC401C8C20AEE2B200D03B8B /* Products */;
			projectDirPath = "";
			projectRoot = "";
			targets = (
				AC401C8A20AEE2B200D03B8B /* SparkDemoApp */,
				AC401C9E20AEE2B400D03B8B /* SparkDemoAppTests */,
				AC401CA920AEE2B400D03B8B /* SparkDemoAppUITests */,
			);
		};
/* End PBXProject section */

/* Begin PBXResourcesBuildPhase section */
		AC401C8920AEE2B200D03B8B /* Resources */ = {
			isa = PBXResourcesBuildPhase;
			buildActionMask = 2147483647;
			files = (
				AC401C9920AEE2B400D03B8B /* LaunchScreen.storyboard in Resources */,
				AC401C9620AEE2B400D03B8B /* Assets.xcassets in Resources */,
				AC401C9420AEE2B200D03B8B /* Main.storyboard in Resources */,
			);
			runOnlyForDeploymentPostprocessing = 0;
		};
		AC401C9D20AEE2B400D03B8B /* Resources */ = {
			isa = PBXResourcesBuildPhase;
			buildActionMask = 2147483647;
			files = (
			);
			runOnlyForDeploymentPostprocessing = 0;
		};
		AC401CA820AEE2B400D03B8B /* Resources */ = {
			isa = PBXResourcesBuildPhase;
			buildActionMask = 2147483647;
			files = (
			);
			runOnlyForDeploymentPostprocessing = 0;
		};
/* End PBXResourcesBuildPhase section */

/* Begin PBXShellScriptBuildPhase section */
		AE728EADA575A187566772B7 /* [CP] Check Pods Manifest.lock */ = {
			isa = PBXShellScriptBuildPhase;
			buildActionMask = 2147483647;
			files = (
			);
			inputPaths = (
				"${PODS_PODFILE_DIR_PATH}/Podfile.lock",
				"${PODS_ROOT}/Manifest.lock",
			);
			name = "[CP] Check Pods Manifest.lock";
			outputPaths = (
				"$(DERIVED_FILE_DIR)/Pods-SparkDemoApp-checkManifestLockResult.txt",
			);
			runOnlyForDeploymentPostprocessing = 0;
			shellPath = /bin/sh;
			shellScript = "diff \"${PODS_PODFILE_DIR_PATH}/Podfile.lock\" \"${PODS_ROOT}/Manifest.lock\" > /dev/null\nif [ $? != 0 ] ; then\n    # print error to STDERR\n    echo \"error: The sandbox is not in sync with the Podfile.lock. Run 'pod install' or update your CocoaPods installation.\" >&2\n    exit 1\nfi\n# This output is used by Xcode 'outputs' to avoid re-running this script phase.\necho \"SUCCESS\" > \"${SCRIPT_OUTPUT_FILE_0}\"\n";
			showEnvVarsInLog = 0;
		};
		D01CD8DC3427FAA68292E5F3 /* [CP] Embed Pods Frameworks */ = {
			isa = PBXShellScriptBuildPhase;
			buildActionMask = 2147483647;
			files = (
			);
			inputPaths = (
				"${SRCROOT}/Pods/Target Support Files/Pods-SparkDemoApp/Pods-SparkDemoApp-frameworks.sh",
				"${BUILT_PRODUCTS_DIR}/Alamofire/Alamofire.framework",
				"${BUILT_PRODUCTS_DIR}/AlamofireObjectMapper/AlamofireObjectMapper.framework",
				"${BUILT_PRODUCTS_DIR}/KeychainAccess/KeychainAccess.framework",
				"${BUILT_PRODUCTS_DIR}/ObjectMapper/ObjectMapper.framework",
				"${PODS_ROOT}/SparkSDK/MediaEngine/Wme.framework",
				"${BUILT_PRODUCTS_DIR}/SparkSDK/SparkSDK.framework",
				"${BUILT_PRODUCTS_DIR}/Starscream/Starscream.framework",
				"${BUILT_PRODUCTS_DIR}/SwiftyJSON/SwiftyJSON.framework",
			);
			name = "[CP] Embed Pods Frameworks";
			outputPaths = (
				"${TARGET_BUILD_DIR}/${FRAMEWORKS_FOLDER_PATH}/Alamofire.framework",
				"${TARGET_BUILD_DIR}/${FRAMEWORKS_FOLDER_PATH}/AlamofireObjectMapper.framework",
				"${TARGET_BUILD_DIR}/${FRAMEWORKS_FOLDER_PATH}/KeychainAccess.framework",
				"${TARGET_BUILD_DIR}/${FRAMEWORKS_FOLDER_PATH}/ObjectMapper.framework",
				"${TARGET_BUILD_DIR}/${FRAMEWORKS_FOLDER_PATH}/Wme.framework",
				"${TARGET_BUILD_DIR}/${FRAMEWORKS_FOLDER_PATH}/SparkSDK.framework",
				"${TARGET_BUILD_DIR}/${FRAMEWORKS_FOLDER_PATH}/Starscream.framework",
				"${TARGET_BUILD_DIR}/${FRAMEWORKS_FOLDER_PATH}/SwiftyJSON.framework",
			);
			runOnlyForDeploymentPostprocessing = 0;
			shellPath = /bin/sh;
			shellScript = "\"${SRCROOT}/Pods/Target Support Files/Pods-SparkDemoApp/Pods-SparkDemoApp-frameworks.sh\"\n";
			showEnvVarsInLog = 0;
		};
/* End PBXShellScriptBuildPhase section */

/* Begin PBXSourcesBuildPhase section */
		AC401C8720AEE2B200D03B8B /* Sources */ = {
			isa = PBXSourcesBuildPhase;
			buildActionMask = 2147483647;
			files = (
				AC401CBD20AEEA4600D03B8B /* LoginViewController.swift in Sources */,
				AC401C8F20AEE2B200D03B8B /* AppDelegate.swift in Sources */,
			);
			runOnlyForDeploymentPostprocessing = 0;
		};
		AC401C9B20AEE2B400D03B8B /* Sources */ = {
			isa = PBXSourcesBuildPhase;
			buildActionMask = 2147483647;
			files = (
				AC401CA420AEE2B400D03B8B /* SparkDemoAppTests.swift in Sources */,
			);
			runOnlyForDeploymentPostprocessing = 0;
		};
		AC401CA620AEE2B400D03B8B /* Sources */ = {
			isa = PBXSourcesBuildPhase;
			buildActionMask = 2147483647;
			files = (
				AC401CAF20AEE2B400D03B8B /* SparkDemoAppUITests.swift in Sources */,
			);
			runOnlyForDeploymentPostprocessing = 0;
		};
/* End PBXSourcesBuildPhase section */

/* Begin PBXTargetDependency section */
		AC401CA120AEE2B400D03B8B /* PBXTargetDependency */ = {
			isa = PBXTargetDependency;
			target = AC401C8A20AEE2B200D03B8B /* SparkDemoApp */;
			targetProxy = AC401CA020AEE2B400D03B8B /* PBXContainerItemProxy */;
		};
		AC401CAC20AEE2B400D03B8B /* PBXTargetDependency */ = {
			isa = PBXTargetDependency;
			target = AC401C8A20AEE2B200D03B8B /* SparkDemoApp */;
			targetProxy = AC401CAB20AEE2B400D03B8B /* PBXContainerItemProxy */;
		};
/* End PBXTargetDependency section */

/* Begin PBXVariantGroup section */
		AC401C9220AEE2B200D03B8B /* Main.storyboard */ = {
			isa = PBXVariantGroup;
			children = (
				AC401C9320AEE2B200D03B8B /* Base */,
			);
			name = Main.storyboard;
			sourceTree = "<group>";
		};
		AC401C9720AEE2B400D03B8B /* LaunchScreen.storyboard */ = {
			isa = PBXVariantGroup;
			children = (
				AC401C9820AEE2B400D03B8B /* Base */,
			);
			name = LaunchScreen.storyboard;
			sourceTree = "<group>";
		};
/* End PBXVariantGroup section */

/* Begin XCBuildConfiguration section */
		AC401CB120AEE2B400D03B8B /* Debug */ = {
			isa = XCBuildConfiguration;
			buildSettings = {
				ALWAYS_SEARCH_USER_PATHS = NO;
				CLANG_ANALYZER_NONNULL = YES;
				CLANG_ANALYZER_NUMBER_OBJECT_CONVERSION = YES_AGGRESSIVE;
				CLANG_CXX_LANGUAGE_STANDARD = "gnu++14";
				CLANG_CXX_LIBRARY = "libc++";
				CLANG_ENABLE_MODULES = YES;
				CLANG_ENABLE_OBJC_ARC = YES;
				CLANG_ENABLE_OBJC_WEAK = YES;
				CLANG_WARN_BLOCK_CAPTURE_AUTORELEASING = YES;
				CLANG_WARN_BOOL_CONVERSION = YES;
				CLANG_WARN_COMMA = YES;
				CLANG_WARN_CONSTANT_CONVERSION = YES;
				CLANG_WARN_DEPRECATED_OBJC_IMPLEMENTATIONS = YES;
				CLANG_WARN_DIRECT_OBJC_ISA_USAGE = YES_ERROR;
				CLANG_WARN_DOCUMENTATION_COMMENTS = YES;
				CLANG_WARN_EMPTY_BODY = YES;
				CLANG_WARN_ENUM_CONVERSION = YES;
				CLANG_WARN_INFINITE_RECURSION = YES;
				CLANG_WARN_INT_CONVERSION = YES;
				CLANG_WARN_NON_LITERAL_NULL_CONVERSION = YES;
				CLANG_WARN_OBJC_IMPLICIT_RETAIN_SELF = YES;
				CLANG_WARN_OBJC_LITERAL_CONVERSION = YES;
				CLANG_WARN_OBJC_ROOT_CLASS = YES_ERROR;
				CLANG_WARN_RANGE_LOOP_ANALYSIS = YES;
				CLANG_WARN_STRICT_PROTOTYPES = YES;
				CLANG_WARN_SUSPICIOUS_MOVE = YES;
				CLANG_WARN_UNGUARDED_AVAILABILITY = YES_AGGRESSIVE;
				CLANG_WARN_UNREACHABLE_CODE = YES;
				CLANG_WARN__DUPLICATE_METHOD_MATCH = YES;
				CODE_SIGN_IDENTITY = "iPhone Developer";
				COPY_PHASE_STRIP = NO;
				DEBUG_INFORMATION_FORMAT = dwarf;
				ENABLE_STRICT_OBJC_MSGSEND = YES;
				ENABLE_TESTABILITY = YES;
				GCC_C_LANGUAGE_STANDARD = gnu11;
				GCC_DYNAMIC_NO_PIC = NO;
				GCC_NO_COMMON_BLOCKS = YES;
				GCC_OPTIMIZATION_LEVEL = 0;
				GCC_PREPROCESSOR_DEFINITIONS = (
					"DEBUG=1",
					"$(inherited)",
				);
				GCC_WARN_64_TO_32_BIT_CONVERSION = YES;
				GCC_WARN_ABOUT_RETURN_TYPE = YES_ERROR;
				GCC_WARN_UNDECLARED_SELECTOR = YES;
				GCC_WARN_UNINITIALIZED_AUTOS = YES_AGGRESSIVE;
				GCC_WARN_UNUSED_FUNCTION = YES;
				GCC_WARN_UNUSED_VARIABLE = YES;
				IPHONEOS_DEPLOYMENT_TARGET = 11.3;
				MTL_ENABLE_DEBUG_INFO = YES;
				ONLY_ACTIVE_ARCH = YES;
				SDKROOT = iphoneos;
				SWIFT_ACTIVE_COMPILATION_CONDITIONS = DEBUG;
				SWIFT_OPTIMIZATION_LEVEL = "-Onone";
			};
			name = Debug;
		};
		AC401CB220AEE2B400D03B8B /* Release */ = {
			isa = XCBuildConfiguration;
			buildSettings = {
				ALWAYS_SEARCH_USER_PATHS = NO;
				CLANG_ANALYZER_NONNULL = YES;
				CLANG_ANALYZER_NUMBER_OBJECT_CONVERSION = YES_AGGRESSIVE;
				CLANG_CXX_LANGUAGE_STANDARD = "gnu++14";
				CLANG_CXX_LIBRARY = "libc++";
				CLANG_ENABLE_MODULES = YES;
				CLANG_ENABLE_OBJC_ARC = YES;
				CLANG_ENABLE_OBJC_WEAK = YES;
				CLANG_WARN_BLOCK_CAPTURE_AUTORELEASING = YES;
				CLANG_WARN_BOOL_CONVERSION = YES;
				CLANG_WARN_COMMA = YES;
				CLANG_WARN_CONSTANT_CONVERSION = YES;
				CLANG_WARN_DEPRECATED_OBJC_IMPLEMENTATIONS = YES;
				CLANG_WARN_DIRECT_OBJC_ISA_USAGE = YES_ERROR;
				CLANG_WARN_DOCUMENTATION_COMMENTS = YES;
				CLANG_WARN_EMPTY_BODY = YES;
				CLANG_WARN_ENUM_CONVERSION = YES;
				CLANG_WARN_INFINITE_RECURSION = YES;
				CLANG_WARN_INT_CONVERSION = YES;
				CLANG_WARN_NON_LITERAL_NULL_CONVERSION = YES;
				CLANG_WARN_OBJC_IMPLICIT_RETAIN_SELF = YES;
				CLANG_WARN_OBJC_LITERAL_CONVERSION = YES;
				CLANG_WARN_OBJC_ROOT_CLASS = YES_ERROR;
				CLANG_WARN_RANGE_LOOP_ANALYSIS = YES;
				CLANG_WARN_STRICT_PROTOTYPES = YES;
				CLANG_WARN_SUSPICIOUS_MOVE = YES;
				CLANG_WARN_UNGUARDED_AVAILABILITY = YES_AGGRESSIVE;
				CLANG_WARN_UNREACHABLE_CODE = YES;
				CLANG_WARN__DUPLICATE_METHOD_MATCH = YES;
				CODE_SIGN_IDENTITY = "iPhone Developer";
				COPY_PHASE_STRIP = NO;
				DEBUG_INFORMATION_FORMAT = "dwarf-with-dsym";
				ENABLE_NS_ASSERTIONS = NO;
				ENABLE_STRICT_OBJC_MSGSEND = YES;
				GCC_C_LANGUAGE_STANDARD = gnu11;
				GCC_NO_COMMON_BLOCKS = YES;
				GCC_WARN_64_TO_32_BIT_CONVERSION = YES;
				GCC_WARN_ABOUT_RETURN_TYPE = YES_ERROR;
				GCC_WARN_UNDECLARED_SELECTOR = YES;
				GCC_WARN_UNINITIALIZED_AUTOS = YES_AGGRESSIVE;
				GCC_WARN_UNUSED_FUNCTION = YES;
				GCC_WARN_UNUSED_VARIABLE = YES;
				IPHONEOS_DEPLOYMENT_TARGET = 11.3;
				MTL_ENABLE_DEBUG_INFO = NO;
				SDKROOT = iphoneos;
				SWIFT_COMPILATION_MODE = wholemodule;
				SWIFT_OPTIMIZATION_LEVEL = "-O";
				VALIDATE_PRODUCT = YES;
			};
			name = Release;
		};
		AC401CB420AEE2B400D03B8B /* Debug */ = {
			isa = XCBuildConfiguration;
			baseConfigurationReference = BA0564B2703DB94E6C4520AB /* Pods-SparkDemoApp.debug.xcconfig */;
			buildSettings = {
				ASSETCATALOG_COMPILER_APPICON_NAME = AppIcon;
				CODE_SIGN_STYLE = Automatic;
				DEVELOPMENT_TEAM = 6824YNJ23L;
				INFOPLIST_FILE = SparkDemoApp/Info.plist;
				LD_RUNPATH_SEARCH_PATHS = (
					"$(inherited)",
					"@executable_path/Frameworks",
				);
				PRODUCT_BUNDLE_IDENTIFIER = com.example.SparkDemoApp;
				PRODUCT_NAME = "$(TARGET_NAME)";
				SWIFT_VERSION = 4.0;
				TARGETED_DEVICE_FAMILY = "1,2";
			};
			name = Debug;
		};
		AC401CB520AEE2B400D03B8B /* Release */ = {
			isa = XCBuildConfiguration;
			baseConfigurationReference = 459846A64390F08320C63300 /* Pods-SparkDemoApp.release.xcconfig */;
			buildSettings = {
				ASSETCATALOG_COMPILER_APPICON_NAME = AppIcon;
				CODE_SIGN_STYLE = Automatic;
				DEVELOPMENT_TEAM = 6824YNJ23L;
				INFOPLIST_FILE = SparkDemoApp/Info.plist;
				LD_RUNPATH_SEARCH_PATHS = (
					"$(inherited)",
					"@executable_path/Frameworks",
				);
				PRODUCT_BUNDLE_IDENTIFIER = com.example.SparkDemoApp;
				PRODUCT_NAME = "$(TARGET_NAME)";
				SWIFT_VERSION = 4.0;
				TARGETED_DEVICE_FAMILY = "1,2";
			};
			name = Release;
		};
		AC401CB720AEE2B400D03B8B /* Debug */ = {
			isa = XCBuildConfiguration;
			buildSettings = {
				ALWAYS_EMBED_SWIFT_STANDARD_LIBRARIES = YES;
				BUNDLE_LOADER = "$(TEST_HOST)";
				CODE_SIGN_STYLE = Automatic;
				DEVELOPMENT_TEAM = 6824YNJ23L;
				INFOPLIST_FILE = SparkDemoAppTests/Info.plist;
				LD_RUNPATH_SEARCH_PATHS = (
					"$(inherited)",
					"@executable_path/Frameworks",
					"@loader_path/Frameworks",
				);
				PRODUCT_BUNDLE_IDENTIFIER = com.example.SparkDemoAppTests;
				PRODUCT_NAME = "$(TARGET_NAME)";
				SWIFT_VERSION = 4.0;
				TARGETED_DEVICE_FAMILY = "1,2";
				TEST_HOST = "$(BUILT_PRODUCTS_DIR)/SparkDemoApp.app/SparkDemoApp";
			};
			name = Debug;
		};
		AC401CB820AEE2B400D03B8B /* Release */ = {
			isa = XCBuildConfiguration;
			buildSettings = {
				ALWAYS_EMBED_SWIFT_STANDARD_LIBRARIES = YES;
				BUNDLE_LOADER = "$(TEST_HOST)";
				CODE_SIGN_STYLE = Automatic;
				DEVELOPMENT_TEAM = 6824YNJ23L;
				INFOPLIST_FILE = SparkDemoAppTests/Info.plist;
				LD_RUNPATH_SEARCH_PATHS = (
					"$(inherited)",
					"@executable_path/Frameworks",
					"@loader_path/Frameworks",
				);
				PRODUCT_BUNDLE_IDENTIFIER = com.example.SparkDemoAppTests;
				PRODUCT_NAME = "$(TARGET_NAME)";
				SWIFT_VERSION = 4.0;
				TARGETED_DEVICE_FAMILY = "1,2";
				TEST_HOST = "$(BUILT_PRODUCTS_DIR)/SparkDemoApp.app/SparkDemoApp";
			};
			name = Release;
		};
		AC401CBA20AEE2B400D03B8B /* Debug */ = {
			isa = XCBuildConfiguration;
			buildSettings = {
				ALWAYS_EMBED_SWIFT_STANDARD_LIBRARIES = YES;
				CODE_SIGN_STYLE = Automatic;
				DEVELOPMENT_TEAM = 6824YNJ23L;
				INFOPLIST_FILE = SparkDemoAppUITests/Info.plist;
				LD_RUNPATH_SEARCH_PATHS = (
					"$(inherited)",
					"@executable_path/Frameworks",
					"@loader_path/Frameworks",
				);
				PRODUCT_BUNDLE_IDENTIFIER = com.example.SparkDemoAppUITests;
				PRODUCT_NAME = "$(TARGET_NAME)";
				SWIFT_VERSION = 4.0;
				TARGETED_DEVICE_FAMILY = "1,2";
				TEST_TARGET_NAME = SparkDemoApp;
			};
			name = Debug;
		};
		AC401CBB20AEE2B400D03B8B /* Release */ = {
			isa = XCBuildConfiguration;
			buildSettings = {
				ALWAYS_EMBED_SWIFT_STANDARD_LIBRARIES = YES;
				CODE_SIGN_STYLE = Automatic;
				DEVELOPMENT_TEAM = 6824YNJ23L;
				INFOPLIST_FILE = SparkDemoAppUITests/Info.plist;
				LD_RUNPATH_SEARCH_PATHS = (
					"$(inherited)",
					"@executable_path/Frameworks",
					"@loader_path/Frameworks",
				);
				PRODUCT_BUNDLE_IDENTIFIER = com.example.SparkDemoAppUITests;
				PRODUCT_NAME = "$(TARGET_NAME)";
				SWIFT_VERSION = 4.0;
				TARGETED_DEVICE_FAMILY = "1,2";
				TEST_TARGET_NAME = SparkDemoApp;
			};
			name = Release;
		};
/* End XCBuildConfiguration section */

/* Begin XCConfigurationList section */
		AC401C8620AEE2B200D03B8B /* Build configuration list for PBXProject "SparkDemoApp" */ = {
			isa = XCConfigurationList;
			buildConfigurations = (
				AC401CB120AEE2B400D03B8B /* Debug */,
				AC401CB220AEE2B400D03B8B /* Release */,
			);
			defaultConfigurationIsVisible = 0;
			defaultConfigurationName = Release;
		};
		AC401CB320AEE2B400D03B8B /* Build configuration list for PBXNativeTarget "SparkDemoApp" */ = {
			isa = XCConfigurationList;
			buildConfigurations = (
				AC401CB420AEE2B400D03B8B /* Debug */,
				AC401CB520AEE2B400D03B8B /* Release */,
			);
			defaultConfigurationIsVisible = 0;
			defaultConfigurationName = Release;
		};
		AC401CB620AEE2B400D03B8B /* Build configuration list for PBXNativeTarget "SparkDemoAppTests" */ = {
			isa = XCConfigurationList;
			buildConfigurations = (
				AC401CB720AEE2B400D03B8B /* Debug */,
				AC401CB820AEE2B400D03B8B /* Release */,
			);
			defaultConfigurationIsVisible = 0;
			defaultConfigurationName = Release;
		};
		AC401CB920AEE2B400D03B8B /* Build configuration list for PBXNativeTarget "SparkDemoAppUITests" */ = {
			isa = XCConfigurationList;
			buildConfigurations = (
				AC401CBA20AEE2B400D03B8B /* Debug */,
				AC401CBB20AEE2B400D03B8B /* Release */,
			);
			defaultConfigurationIsVisible = 0;
			defaultConfigurationName = Release;
		};
/* End XCConfigurationList section */
	};
	rootObject = AC401C8320AEE2B200D03B8B /* Project object */;
}
